
Microsoft Visual Studio Solution File, Format Version 12.00
# Visual Studio Version 17
VisualStudioVersion = 17.4.33205.214
MinimumVisualStudioVersion = 10.0.40219.1
Project("{FAE04EC0-301F-11D3-BF4B-00C04F79EFBC}") = "6letters app", "6letters app\6letters app.csproj", "{E3E8D537-84C5-4569-ACAE-006CC86927BF}"
EndProject
Global
	GlobalSection(SolutionConfigurationPlatforms) = preSolution
		Debug|Any CPU = Debug|Any CPU
		Release|Any CPU = Release|Any CPU
	EndGlobalSection
	GlobalSection(ProjectConfigurationPlatforms) = postSolution
		{E3E8D537-84C5-4569-ACAE-006CC86927BF}.Debug|Any CPU.ActiveCfg = Debug|Any CPU
		{E3E8D537-84C5-4569-ACAE-006CC86927BF}.Debug|Any CPU.Build.0 = Debug|Any CPU
		{E3E8D537-84C5-4569-ACAE-006CC86927BF}.Release|Any CPU.ActiveCfg = Release|Any CPU
		{E3E8D537-84C5-4569-ACAE-006CC86927BF}.Release|Any CPU.Build.0 = Release|Any CPU
	EndGlobalSection
	GlobalSection(SolutionProperties) = preSolution
		HideSolutionNode = FALSE
	EndGlobalSection
	GlobalSection(ExtensibilityGlobals) = postSolution
		SolutionGuid = {04C9B7E5-9E87-46FF-A3FA-5373A63801D2}
	EndGlobalSection
EndGlobal
